PODS:
  - AppsFlyerFramework (4.8.3)

DEPENDENCIES:
  - AppsFlyerFramework

SPEC REPOS:
  https://github.com/CocoaPods/Specs.git:
    - AppsFlyerFramework

SPEC CHECKSUMS:
  AppsFlyerFramework: 243435778bedb337fbaf45cb29715b9796d94bdb

PODFILE CHECKSUM: 3719c2ef59f9f6a04a52961f2c9d005a34ca383d

COCOAPODS: 1.5.0
